
Microsoft Visual Studio Solution File, Format Version 11.00
# Visual Studio 2010
Project("{FAE04EC0-301F-11D3-BF4B-00C04F79EFBC}") = "Assembly-CSharp-firstpass", "Assembly-CSharp-firstpass.csproj", "{C11ECB28-4493-BBE8-1C47-A7E3F311ECBF}"
EndProject
Project("{FAE04EC0-301F-11D3-BF4B-00C04F79EFBC}") = "Assembly-CSharp", "Assembly-CSharp.csproj", "{1472377E-0909-4A1C-4E4C-BBA7E654F4A6}"
EndProject
Global
	GlobalSection(SolutionConfigurationPlatforms) = preSolution
		Debug|Any CPU = Debug|Any CPU
		Release|Any CPU = Release|Any CPU
	EndGlobalSection
	GlobalSection(ProjectConfigurationPlatforms) = postSolution
		{C11ECB28-4493-BBE8-1C47-A7E3F311ECBF}.Debug|Any CPU.ActiveCfg = Debug|Any CPU
		{C11ECB28-4493-BBE8-1C47-A7E3F311ECBF}.Debug|Any CPU.Build.0 = Debug|Any CPU
		{C11ECB28-4493-BBE8-1C47-A7E3F311ECBF}.Release|Any CPU.ActiveCfg = Release|Any CPU
		{C11ECB28-4493-BBE8-1C47-A7E3F311ECBF}.Release|Any CPU.Build.0 = Release|Any CPU
		{1472377E-0909-4A1C-4E4C-BBA7E654F4A6}.Debug|Any CPU.ActiveCfg = Debug|Any CPU
		{1472377E-0909-4A1C-4E4C-BBA7E654F4A6}.Debug|Any CPU.Build.0 = Debug|Any CPU
		{1472377E-0909-4A1C-4E4C-BBA7E654F4A6}.Release|Any CPU.ActiveCfg = Release|Any CPU
		{1472377E-0909-4A1C-4E4C-BBA7E654F4A6}.Release|Any CPU.Build.0 = Release|Any CPU
	EndGlobalSection
	GlobalSection(SolutionProperties) = preSolution
		HideSolutionNode = FALSE
	EndGlobalSection
EndGlobal
